{
  "meteor": {},
  "dependencies": {
    "basePackages": {
      "extensions": {},
      "spiderable-remote": {}
    },
    "packages": {
      "extensions": {
        "git": "https://github.com/gadicohen/meteor-extensions.git",
        "tag": "v0.0.7",
        "commit": "fe931b4efdffeab8dcad5e9668812cd631cf3a58"
      },
      "spiderable-remote": {
        "git": "https://github.com/gadicohen/meteor-spiderable-remote.git",
        "tag": "v0.0.7",
        "commit": "92f8db5f90dc7def369e5a6e5842a1727ad44fb6"
      }
    }
  }
}
